{
  "name": "Inventory_management_app",
  "lockfileVersion": 3,
  "requires": true,
  "packages": {
    "": {
      "dependencies": {
        "mongoose-aggregate-paginate-v2": "^1.1.4"
      }
    },
    "node_modules/mongoose-aggregate-paginate-v2": {
      "version": "1.1.4",
      "resolved": "https://registry.npmjs.org/mongoose-aggregate-paginate-v2/-/mongoose-aggregate-paginate-v2-1.1.4.tgz",
      "integrity": "sha512-CdQIar3wlS7g0H6JjSJIZzvzz05vFc+Xy9SosJmj46l3xIomgl3ZjDn/n4vDpEei9RBawgUk5zGTIP6fMKdMdA==",
      "license": "MIT",
      "engines": {
        "node": ">=4.0.0"
      }
    }
  }
}
